
Microsoft Visual Studio Solution File, Format Version 12.00
# Visual Studio 14
VisualStudioVersion = 14.0.25123.0
MinimumVisualStudioVersion = 10.0.40219.1
Project("{FAE04EC0-301F-11D3-BF4B-00C04F79EFBC}") = "NeuralNetCounstructor", "NeuralNetCounstructor\NeuralNetCounstructor.csproj", "{3C4D741C-090F-41AD-BE39-F9A2D8DE4053}"
EndProject
Project("{FAE04EC0-301F-11D3-BF4B-00C04F79EFBC}") = "Neuron", "Neuron\Neuron.csproj", "{7008E89B-A3D9-434F-A8CF-83CA9F89850B}"
EndProject
Project("{FAE04EC0-301F-11D3-BF4B-00C04F79EFBC}") = "Test", "Test\Test.csproj", "{A54E7F41-5260-444A-9CB6-641E7DA55880}"
EndProject
Global
	GlobalSection(SolutionConfigurationPlatforms) = preSolution
		Debug|Any CPU = Debug|Any CPU
		Release|Any CPU = Release|Any CPU
	EndGlobalSection
	GlobalSection(ProjectConfigurationPlatforms) = postSolution
		{3C4D741C-090F-41AD-BE39-F9A2D8DE4053}.Debug|Any CPU.ActiveCfg = Debug|Any CPU
		{3C4D741C-090F-41AD-BE39-F9A2D8DE4053}.Debug|Any CPU.Build.0 = Debug|Any CPU
		{3C4D741C-090F-41AD-BE39-F9A2D8DE4053}.Release|Any CPU.ActiveCfg = Release|Any CPU
		{3C4D741C-090F-41AD-BE39-F9A2D8DE4053}.Release|Any CPU.Build.0 = Release|Any CPU
		{7008E89B-A3D9-434F-A8CF-83CA9F89850B}.Debug|Any CPU.ActiveCfg = Debug|Any CPU
		{7008E89B-A3D9-434F-A8CF-83CA9F89850B}.Debug|Any CPU.Build.0 = Debug|Any CPU
		{7008E89B-A3D9-434F-A8CF-83CA9F89850B}.Release|Any CPU.ActiveCfg = Release|Any CPU
		{7008E89B-A3D9-434F-A8CF-83CA9F89850B}.Release|Any CPU.Build.0 = Release|Any CPU
		{A54E7F41-5260-444A-9CB6-641E7DA55880}.Debug|Any CPU.ActiveCfg = Debug|Any CPU
		{A54E7F41-5260-444A-9CB6-641E7DA55880}.Debug|Any CPU.Build.0 = Debug|Any CPU
		{A54E7F41-5260-444A-9CB6-641E7DA55880}.Release|Any CPU.ActiveCfg = Release|Any CPU
		{A54E7F41-5260-444A-9CB6-641E7DA55880}.Release|Any CPU.Build.0 = Release|Any CPU
	EndGlobalSection
	GlobalSection(SolutionProperties) = preSolution
		HideSolutionNode = FALSE
	EndGlobalSection
EndGlobal
